
Microsoft Visual Studio Solution File, Format Version 12.00
# Visual Studio Version 17
VisualStudioVersion = 17.6.33706.43
MinimumVisualStudioVersion = 10.0.40219.1
Project("{FAE04EC0-301F-11D3-BF4B-00C04F79EFBC}") = "LinuxDesktop", "LinuxDesktop\LinuxDesktop.csproj", "{C9CE47A9-2917-4FCA-8A94-29F49B1FE856}"
EndProject
Project("{9A19103F-16F7-4668-BE54-9A1E7A4F7556}") = "BlazorWebKit", "BlazorWebKit\BlazorWebKit.csproj", "{1A24D3D2-269F-4F6C-9B22-58D53AB1F436}"
EndProject
Global
	GlobalSection(SolutionConfigurationPlatforms) = preSolution
		Debug|Any CPU = Debug|Any CPU
		Release|Any CPU = Release|Any CPU
	EndGlobalSection
	GlobalSection(ProjectConfigurationPlatforms) = postSolution
		{C9CE47A9-2917-4FCA-8A94-29F49B1FE856}.Debug|Any CPU.ActiveCfg = Debug|Any CPU
		{C9CE47A9-2917-4FCA-8A94-29F49B1FE856}.Debug|Any CPU.Build.0 = Debug|Any CPU
		{C9CE47A9-2917-4FCA-8A94-29F49B1FE856}.Release|Any CPU.ActiveCfg = Release|Any CPU
		{C9CE47A9-2917-4FCA-8A94-29F49B1FE856}.Release|Any CPU.Build.0 = Release|Any CPU
		{1A24D3D2-269F-4F6C-9B22-58D53AB1F436}.Debug|Any CPU.ActiveCfg = Debug|Any CPU
		{1A24D3D2-269F-4F6C-9B22-58D53AB1F436}.Debug|Any CPU.Build.0 = Debug|Any CPU
		{1A24D3D2-269F-4F6C-9B22-58D53AB1F436}.Release|Any CPU.ActiveCfg = Release|Any CPU
		{1A24D3D2-269F-4F6C-9B22-58D53AB1F436}.Release|Any CPU.Build.0 = Release|Any CPU
	EndGlobalSection
	GlobalSection(SolutionProperties) = preSolution
		HideSolutionNode = FALSE
	EndGlobalSection
	GlobalSection(ExtensibilityGlobals) = postSolution
		SolutionGuid = {0652BFCD-450D-4052-A8C4-87AA47353493}
	EndGlobalSection
EndGlobal
